
Microsoft Visual Studio Solution File, Format Version 12.00
# Visual Studio Version 17
VisualStudioVersion = 17.1.32228.430
MinimumVisualStudioVersion = 10.0.40219.1
Project("{9A19103F-16F7-4668-BE54-9A1E7A4F7556}") = "Membership2AspNetIdentity", "Membership2AspNetIdentity\Membership2AspNetIdentity.csproj", "{EFC0B6C2-DFCF-4698-9C5D-3689A9C9F6BD}"
EndProject
Project("{FAE04EC0-301F-11D3-BF4B-00C04F79EFBC}") = "Membership2AspNetIdentity.Api", "Membership2AspNetIdentity.Api\Membership2AspNetIdentity.Api.csproj", "{1EBF7086-4F4B-4DAA-B0F3-3EA324ADB245}"
EndProject
Project("{2150E333-8FDC-42A3-9474-1A3956D46DE8}") = "Solution Items", "Solution Items", "{4967B320-1104-4C08-B559-3BA015AF935A}"
	ProjectSection(SolutionItems) = preProject
		.editorconfig = .editorconfig
		.gitattributes = .gitattributes
		.gitignore = .gitignore
	EndProjectSection
EndProject
Global
	GlobalSection(SolutionConfigurationPlatforms) = preSolution
		Debug|Any CPU = Debug|Any CPU
		Release|Any CPU = Release|Any CPU
	EndGlobalSection
	GlobalSection(ProjectConfigurationPlatforms) = postSolution
		{EFC0B6C2-DFCF-4698-9C5D-3689A9C9F6BD}.Debug|Any CPU.ActiveCfg = Debug|Any CPU
		{EFC0B6C2-DFCF-4698-9C5D-3689A9C9F6BD}.Debug|Any CPU.Build.0 = Debug|Any CPU
		{EFC0B6C2-DFCF-4698-9C5D-3689A9C9F6BD}.Release|Any CPU.ActiveCfg = Release|Any CPU
		{EFC0B6C2-DFCF-4698-9C5D-3689A9C9F6BD}.Release|Any CPU.Build.0 = Release|Any CPU
		{1EBF7086-4F4B-4DAA-B0F3-3EA324ADB245}.Debug|Any CPU.ActiveCfg = Debug|Any CPU
		{1EBF7086-4F4B-4DAA-B0F3-3EA324ADB245}.Debug|Any CPU.Build.0 = Debug|Any CPU
		{1EBF7086-4F4B-4DAA-B0F3-3EA324ADB245}.Release|Any CPU.ActiveCfg = Release|Any CPU
		{1EBF7086-4F4B-4DAA-B0F3-3EA324ADB245}.Release|Any CPU.Build.0 = Release|Any CPU
	EndGlobalSection
	GlobalSection(SolutionProperties) = preSolution
		HideSolutionNode = FALSE
	EndGlobalSection
	GlobalSection(ExtensibilityGlobals) = postSolution
		SolutionGuid = {A5ADDFA9-3C8F-49C3-A273-A27B70FED221}
	EndGlobalSection
EndGlobal
